// !$*UTF8*$!
{
	archiveVersion = 1;
	classes = {
	};
	objectVersion = 50;
	objects = {

/* Begin PBXBuildFile section */
		317381A92781DE94003A6968 /* InDosApp.swift in Sources */ = {isa = PBXBuildFile; fileRef = 317381A82781DE94003A6968 /* InDosApp.swift */; };
		317381AB2781DE94003A6968 /* ContentView.swift in Sources */ = {isa = PBXBuildFile; fileRef = 317381AA2781DE94003A6968 /* ContentView.swift */; };
		317381AD2781DE95003A6968 /* Assets.xcassets in Resources */ = {isa = PBXBuildFile; fileRef = 317381AC2781DE95003A6968 /* Assets.xcassets */; };
		317381B02781DE95003A6968 /* Preview Assets.xcassets in Resources */ = {isa = PBXBuildFile; fileRef = 317381AF2781DE95003A6968 /* Preview Assets.xcassets */; };
		319FCA292787474000BA3D47 /* inDosData.swift in Sources */ = {isa = PBXBuildFile; fileRef = 319FCA282787474000BA3D47 /* inDosData.swift */; };
		DF3FD4F72789E81000B79787 /* FieldRow.swift in Sources */ = {isa = PBXBuildFile; fileRef = DF3FD4F62789E81000B79787 /* FieldRow.swift */; };
		DF3FD4FB2789EAE600B79787 /* ResultRow.swift in Sources */ = {isa = PBXBuildFile; fileRef = DF3FD4FA2789EAE600B79787 /* ResultRow.swift */; };
		DF3FD4FD2789EC8700B79787 /* SectionHeader.swift in Sources */ = {isa = PBXBuildFile; fileRef = DF3FD4FC2789EC8700B79787 /* SectionHeader.swift */; };
/* End PBXBuildFile section */

/* Begin PBXFileReference section */
		317381A52781DE94003A6968 /* InDos.app */ = {isa = PBXFileReference; explicitFileType = wrapper.application; includeInIndex = 0; path = InDos.app; sourceTree = BUILT_PRODUCTS_DIR; };
		317381A82781DE94003A6968 /* InDosApp.swift */ = {isa = PBXFileReference; lastKnownFileType = sourcecode.swift; path = InDosApp.swift; sourceTree = "<group>"; };
		317381AA2781DE94003A6968 /* ContentView.swift */ = {isa = PBXFileReference; lastKnownFileType = sourcecode.swift; path = ContentView.swift; sourceTree = "<group>"; };
		317381AC2781DE95003A6968 /* Assets.xcassets */ = {isa = PBXFileReference; lastKnownFileType = folder.assetcatalog; path = Assets.xcassets; sourceTree = "<group>"; };
		317381AF2781DE95003A6968 /* Preview Assets.xcassets */ = {isa = PBXFileReference; lastKnownFileType = folder.assetcatalog; path = "Preview Assets.xcassets"; sourceTree = "<group>"; };
		317381B12781DE95003A6968 /* Info.plist */ = {isa = PBXFileReference; lastKnownFileType = text.plist.xml; path = Info.plist; sourceTree = "<group>"; };
		319FCA282787474000BA3D47 /* inDosData.swift */ = {isa = PBXFileReference; lastKnownFileType = sourcecode.swift; path = inDosData.swift; sourceTree = "<group>"; };
		DF3FD4F62789E81000B79787 /* FieldRow.swift */ = {isa = PBXFileReference; lastKnownFileType = sourcecode.swift; path = FieldRow.swift; sourceTree = "<group>"; };
		DF3FD4FA2789EAE600B79787 /* ResultRow.swift */ = {isa = PBXFileReference; lastKnownFileType = sourcecode.swift; path = ResultRow.swift; sourceTree = "<group>"; };
		DF3FD4FC2789EC8700B79787 /* SectionHeader.swift */ = {isa = PBXFileReference; lastKnownFileType = sourcecode.swift; path = SectionHeader.swift; sourceTree = "<group>"; };
/* End PBXFileReference section */

/* Begin PBXFrameworksBuildPhase section */
		317381A22781DE94003A6968 /* Frameworks */ = {
			isa = PBXFrameworksBuildPhase;
			buildActionMask = 2147483647;
			files = (
			);
			runOnlyForDeploymentPostprocessing = 0;
		};
/* End PBXFrameworksBuildPhase section */

/* Begin PBXGroup section */
		3173819C2781DE94003A6968 = {
			isa = PBXGroup;
			children = (
				317381A72781DE94003A6968 /* InDos */,
				317381A62781DE94003A6968 /* Products */,
			);
			sourceTree = "<group>";
		};
		317381A62781DE94003A6968 /* Products */ = {
			isa = PBXGroup;
			children = (
				317381A52781DE94003A6968 /* InDos.app */,
			);
			name = Products;
			sourceTree = "<group>";
		};
		317381A72781DE94003A6968 /* InDos */ = {
			isa = PBXGroup;
			children = (
				319FCA282787474000BA3D47 /* inDosData.swift */,
				317381A82781DE94003A6968 /* InDosApp.swift */,
				DF3FD4FE2789F26E00B79787 /* Views */,
				317381AC2781DE95003A6968 /* Assets.xcassets */,
				317381B12781DE95003A6968 /* Info.plist */,
				317381AE2781DE95003A6968 /* Preview Content */,
			);
			path = InDos;
			sourceTree = "<group>";
		};
		317381AE2781DE95003A6968 /* Preview Content */ = {
			isa = PBXGroup;
			children = (
				317381AF2781DE95003A6968 /* Preview Assets.xcassets */,
			);
			path = "Preview Content";
			sourceTree = "<group>";
		};
		DF3FD4FE2789F26E00B79787 /* Views */ = {
			isa = PBXGroup;
			children = (
				317381AA2781DE94003A6968 /* ContentView.swift */,
				DF3FD4FC2789EC8700B79787 /* SectionHeader.swift */,
				DF3FD4F62789E81000B79787 /* FieldRow.swift */,
				DF3FD4FA2789EAE600B79787 /* ResultRow.swift */,
			);
			path = Views;
			sourceTree = "<group>";
		};
/* End PBXGroup section */

/* Begin PBXNativeTarget section */
		317381A42781DE94003A6968 /* InDos */ = {
			isa = PBXNativeTarget;
			buildConfigurationList = 317381B42781DE95003A6968 /* Build configuration list for PBXNativeTarget "InDos" */;
			buildPhases = (
				317381A12781DE94003A6968 /* Sources */,
				317381A22781DE94003A6968 /* Frameworks */,
				317381A32781DE94003A6968 /* Resources */,
			);
			buildRules = (
			);
			dependencies = (
			);
			name = InDos;
			productName = InDos;
			productReference = 317381A52781DE94003A6968 /* InDos.app */;
			productType = "com.apple.product-type.application";
		};
/* End PBXNativeTarget section */

/* Begin PBXProject section */
		3173819D2781DE94003A6968 /* Project object */ = {
			isa = PBXProject;
			attributes = {
				LastSwiftUpdateCheck = 1230;
				LastUpgradeCheck = 1230;
				TargetAttributes = {
					317381A42781DE94003A6968 = {
						CreatedOnToolsVersion = 12.3;
					};
				};
			};
			buildConfigurationList = 317381A02781DE94003A6968 /* Build configuration list for PBXProject "InDos" */;
			compatibilityVersion = "Xcode 9.3";
			developmentRegion = en;
			hasScannedForEncodings = 0;
			knownRegions = (
				en,
				Base,
			);
			mainGroup = 3173819C2781DE94003A6968;
			productRefGroup = 317381A62781DE94003A6968 /* Products */;
			projectDirPath = "";
			projectRoot = "";
			targets = (
				317381A42781DE94003A6968 /* InDos */,
			);
		};
/* End PBXProject section */

/* Begin PBXResourcesBuildPhase section */
		317381A32781DE94003A6968 /* Resources */ = {
			isa = PBXResourcesBuildPhase;
			buildActionMask = 2147483647;
			files = (
				317381B02781DE95003A6968 /* Preview Assets.xcassets in Resources */,
				317381AD2781DE95003A6968 /* Assets.xcassets in Resources */,
			);
			runOnlyForDeploymentPostprocessing = 0;
		};
/* End PBXResourcesBuildPhase section */

/* Begin PBXSourcesBuildPhase section */
		317381A12781DE94003A6968 /* Sources */ = {
			isa = PBXSourcesBuildPhase;
			buildActionMask = 2147483647;
			files = (
				317381AB2781DE94003A6968 /* ContentView.swift in Sources */,
				DF3FD4F72789E81000B79787 /* FieldRow.swift in Sources */,
				DF3FD4FD2789EC8700B79787 /* SectionHeader.swift in Sources */,
				319FCA292787474000BA3D47 /* inDosData.swift in Sources */,
				317381A92781DE94003A6968 /* InDosApp.swift in Sources */,
				DF3FD4FB2789EAE600B79787 /* ResultRow.swift in Sources */,
			);
			runOnlyForDeploymentPostprocessing = 0;
		};
/* End PBXSourcesBuildPhase section */

/* Begin XCBuildConfiguration section */
		317381B22781DE95003A6968 /* Debug */ = {
			isa = XCBuildConfiguration;
			buildSettings = {
				ALWAYS_SEARCH_USER_PATHS = NO;
				CLANG_ANALYZER_NONNULL = YES;
				CLANG_ANALYZER_NUMBER_OBJECT_CONVERSION = YES_AGGRESSIVE;
				CLANG_CXX_LANGUAGE_STANDARD = "gnu++14";
				CLANG_CXX_LIBRARY = "libc++";
				CLANG_ENABLE_MODULES = YES;
				CLANG_ENABLE_OBJC_ARC = YES;
				CLANG_ENABLE_OBJC_WEAK = YES;
				CLANG_WARN_BLOCK_CAPTURE_AUTORELEASING = YES;
				CLANG_WARN_BOOL_CONVERSION = YES;
				CLANG_WARN_COMMA = YES;
				CLANG_WARN_CONSTANT_CONVERSION = YES;
				CLANG_WARN_DEPRECATED_OBJC_IMPLEMENTATIONS = YES;
				CLANG_WARN_DIRECT_OBJC_ISA_USAGE = YES_ERROR;
				CLANG_WARN_DOCUMENTATION_COMMENTS = YES;
				CLANG_WARN_EMPTY_BODY = YES;
				CLANG_WARN_ENUM_CONVERSION = YES;
				CLANG_WARN_INFINITE_RECURSION = YES;
				CLANG_WARN_INT_CONVERSION = YES;
				CLANG_WARN_NON_LITERAL_NULL_CONVERSION = YES;
				CLANG_WARN_OBJC_IMPLICIT_RETAIN_SELF = YES;
				CLANG_WARN_OBJC_LITERAL_CONVERSION = YES;
				CLANG_WARN_OBJC_ROOT_CLASS = YES_ERROR;
				CLANG_WARN_QUOTED_INCLUDE_IN_FRAMEWORK_HEADER = YES;
				CLANG_WARN_RANGE_LOOP_ANALYSIS = YES;
				CLANG_WARN_STRICT_PROTOTYPES = YES;
				CLANG_WARN_SUSPICIOUS_MOVE = YES;
				CLANG_WARN_UNGUARDED_AVAILABILITY = YES_AGGRESSIVE;
				CLANG_WARN_UNREACHABLE_CODE = YES;
				CLANG_WARN__DUPLICATE_METHOD_MATCH = YES;
				COPY_PHASE_STRIP = NO;
				DEBUG_INFORMATION_FORMAT = dwarf;
				ENABLE_STRICT_OBJC_MSGSEND = YES;
				ENABLE_TESTABILITY = YES;
				GCC_C_LANGUAGE_STANDARD = gnu11;
				GCC_DYNAMIC_NO_PIC = NO;
				GCC_NO_COMMON_BLOCKS = YES;
				GCC_OPTIMIZATION_LEVEL = 0;
				GCC_PREPROCESSOR_DEFINITIONS = (
					"DEBUG=1",
					"$(inherited)",
				);
				GCC_WARN_64_TO_32_BIT_CONVERSION = YES;
				GCC_WARN_ABOUT_RETURN_TYPE = YES_ERROR;
				GCC_WARN_UNDECLARED_SELECTOR = YES;
				GCC_WARN_UNINITIALIZED_AUTOS = YES_AGGRESSIVE;
				GCC_WARN_UNUSED_FUNCTION = YES;
				GCC_WARN_UNUSED_VARIABLE = YES;
				IPHONEOS_DEPLOYMENT_TARGET = 14.3;
				MTL_ENABLE_DEBUG_INFO = INCLUDE_SOURCE;
				MTL_FAST_MATH = YES;
				ONLY_ACTIVE_ARCH = YES;
				SDKROOT = iphoneos;
				SWIFT_ACTIVE_COMPILATION_CONDITIONS = DEBUG;
				SWIFT_OPTIMIZATION_LEVEL = "-Onone";
			};
			name = Debug;
		};
		317381B32781DE95003A6968 /* Release */ = {
			isa = XCBuildConfiguration;
			buildSettings = {
				ALWAYS_SEARCH_USER_PATHS = NO;
				CLANG_ANALYZER_NONNULL = YES;
				CLANG_ANALYZER_NUMBER_OBJECT_CONVERSION = YES_AGGRESSIVE;
				CLANG_CXX_LANGUAGE_STANDARD = "gnu++14";
				CLANG_CXX_LIBRARY = "libc++";
				CLANG_ENABLE_MODULES = YES;
				CLANG_ENABLE_OBJC_ARC = YES;
				CLANG_ENABLE_OBJC_WEAK = YES;
				CLANG_WARN_BLOCK_CAPTURE_AUTORELEASING = YES;
				CLANG_WARN_BOOL_CONVERSION = YES;
				CLANG_WARN_COMMA = YES;
				CLANG_WARN_CONSTANT_CONVERSION = YES;
				CLANG_WARN_DEPRECATED_OBJC_IMPLEMENTATIONS = YES;
				CLANG_WARN_DIRECT_OBJC_ISA_USAGE = YES_ERROR;
				CLANG_WARN_DOCUMENTATION_COMMENTS = YES;
				CLANG_WARN_EMPTY_BODY = YES;
				CLANG_WARN_ENUM_CONVERSION = YES;
				CLANG_WARN_INFINITE_RECURSION = YES;
				CLANG_WARN_INT_CONVERSION = YES;
				CLANG_WARN_NON_LITERAL_NULL_CONVERSION = YES;
				CLANG_WARN_OBJC_IMPLICIT_RETAIN_SELF = YES;
				CLANG_WARN_OBJC_LITERAL_CONVERSION = YES;
				CLANG_WARN_OBJC_ROOT_CLASS = YES_ERROR;
				CLANG_WARN_QUOTED_INCLUDE_IN_FRAMEWORK_HEADER = YES;
				CLANG_WARN_RANGE_LOOP_ANALYSIS = YES;
				CLANG_WARN_STRICT_PROTOTYPES = YES;
				CLANG_WARN_SUSPICIOUS_MOVE = YES;
				CLANG_WARN_UNGUARDED_AVAILABILITY = YES_AGGRESSIVE;
				CLANG_WARN_UNREACHABLE_CODE = YES;
				CLANG_WARN__DUPLICATE_METHOD_MATCH = YES;
				COPY_PHASE_STRIP = NO;
				DEBUG_INFORMATION_FORMAT = "dwarf-with-dsym";
				ENABLE_NS_ASSERTIONS = NO;
				ENABLE_STRICT_OBJC_MSGSEND = YES;
				GCC_C_LANGUAGE_STANDARD = gnu11;
				GCC_NO_COMMON_BLOCKS = YES;
				GCC_WARN_64_TO_32_BIT_CONVERSION = YES;
				GCC_WARN_ABOUT_RETURN_TYPE = YES_ERROR;
				GCC_WARN_UNDECLARED_SELECTOR = YES;
				GCC_WARN_UNINITIALIZED_AUTOS = YES_AGGRESSIVE;
				GCC_WARN_UNUSED_FUNCTION = YES;
				GCC_WARN_UNUSED_VARIABLE = YES;
				IPHONEOS_DEPLOYMENT_TARGET = 14.3;
				MTL_ENABLE_DEBUG_INFO = NO;
				MTL_FAST_MATH = YES;
				SDKROOT = iphoneos;
				SWIFT_COMPILATION_MODE = wholemodule;
				SWIFT_OPTIMIZATION_LEVEL = "-O";
				VALIDATE_PRODUCT = YES;
			};
			name = Release;
		};
		317381B52781DE95003A6968 /* Debug */ = {
			isa = XCBuildConfiguration;
			buildSettings = {
				ASSETCATALOG_COMPILER_APPICON_NAME = AppIcon;
				ASSETCATALOG_COMPILER_GLOBAL_ACCENT_COLOR_NAME = AccentColor;
				CODE_SIGN_STYLE = Automatic;
				DEVELOPMENT_ASSET_PATHS = "\"InDos/Preview Content\"";
				DEVELOPMENT_TEAM = 3378J78K4B;
				ENABLE_PREVIEWS = YES;
				INFOPLIST_FILE = InDos/Info.plist;
				IPHONEOS_DEPLOYMENT_TARGET = 14.0;
				LD_RUNPATH_SEARCH_PATHS = (
					"$(inherited)",
					"@executable_path/Frameworks",
				);
				PRODUCT_BUNDLE_IDENTIFIER = Halfwheeler;
				PRODUCT_NAME = "$(TARGET_NAME)";
				SWIFT_VERSION = 5.0;
				TARGETED_DEVICE_FAMILY = "1,2";
			};
			name = Debug;
		};
		317381B62781DE95003A6968 /* Release */ = {
			isa = XCBuildConfiguration;
			buildSettings = {
				ASSETCATALOG_COMPILER_APPICON_NAME = AppIcon;
				ASSETCATALOG_COMPILER_GLOBAL_ACCENT_COLOR_NAME = AccentColor;
				CODE_SIGN_STYLE = Automatic;
				DEVELOPMENT_ASSET_PATHS = "\"InDos/Preview Content\"";
				DEVELOPMENT_TEAM = 3378J78K4B;
				ENABLE_PREVIEWS = YES;
				INFOPLIST_FILE = InDos/Info.plist;
				IPHONEOS_DEPLOYMENT_TARGET = 14.0;
				LD_RUNPATH_SEARCH_PATHS = (
					"$(inherited)",
					"@executable_path/Frameworks",
				);
				PRODUCT_BUNDLE_IDENTIFIER = Halfwheeler;
				PRODUCT_NAME = "$(TARGET_NAME)";
				SWIFT_VERSION = 5.0;
				TARGETED_DEVICE_FAMILY = "1,2";
			};
			name = Release;
		};
/* End XCBuildConfiguration section */

/* Begin XCConfigurationList section */
		317381A02781DE94003A6968 /* Build configuration list for PBXProject "InDos" */ = {
			isa = XCConfigurationList;
			buildConfigurations = (
				317381B22781DE95003A6968 /* Debug */,
				317381B32781DE95003A6968 /* Release */,
			);
			defaultConfigurationIsVisible = 0;
			defaultConfigurationName = Release;
		};
		317381B42781DE95003A6968 /* Build configuration list for PBXNativeTarget "InDos" */ = {
			isa = XCConfigurationList;
			buildConfigurations = (
				317381B52781DE95003A6968 /* Debug */,
				317381B62781DE95003A6968 /* Release */,
			);
			defaultConfigurationIsVisible = 0;
			defaultConfigurationName = Release;
		};
/* End XCConfigurationList section */
	};
	rootObject = 3173819D2781DE94003A6968 /* Project object */;
}
